
Microsoft Visual Studio Solution File, Format Version 12.00
# Visual Studio Version 17
VisualStudioVersion = 17.3.32825.248
MinimumVisualStudioVersion = 10.0.40219.1
Project("{FAE04EC0-301F-11D3-BF4B-00C04F79EFBC}") = "Calcul", "Calcul\Calcul.csproj", "{01807701-9A76-4345-BA92-CCB0A813C6CF}"
EndProject
Global
	GlobalSection(SolutionConfigurationPlatforms) = preSolution
		Debug|Any CPU = Debug|Any CPU
		Release|Any CPU = Release|Any CPU
	EndGlobalSection
	GlobalSection(ProjectConfigurationPlatforms) = postSolution
		{01807701-9A76-4345-BA92-CCB0A813C6CF}.Debug|Any CPU.ActiveCfg = Debug|Any CPU
		{01807701-9A76-4345-BA92-CCB0A813C6CF}.Debug|Any CPU.Build.0 = Debug|Any CPU
		{01807701-9A76-4345-BA92-CCB0A813C6CF}.Release|Any CPU.ActiveCfg = Release|Any CPU
		{01807701-9A76-4345-BA92-CCB0A813C6CF}.Release|Any CPU.Build.0 = Release|Any CPU
	EndGlobalSection
	GlobalSection(SolutionProperties) = preSolution
		HideSolutionNode = FALSE
	EndGlobalSection
	GlobalSection(ExtensibilityGlobals) = postSolution
		SolutionGuid = {8C61357E-74BF-44BC-9668-5DFBB76809B5}
	EndGlobalSection
EndGlobal
